
Microsoft Visual Studio Solution File, Format Version 12.00
# Visual Studio Version 17
VisualStudioVersion = 17.0.31903.59
MinimumVisualStudioVersion = 10.0.40219.1
Project("{FAE04EC0-301F-11D3-BF4B-00C04F79EFBC}") = "Checkpoint.Api", "Checkpoint.Api\Checkpoint.Api.csproj", "{D33348C8-5274-4B31-892C-C76E9A63D9B5}"
EndProject
Project("{FAE04EC0-301F-11D3-BF4B-00C04F79EFBC}") = "Checkpoint.Model", "Checkpoint.Model\Checkpoint.Model.csproj", "{CF3C5F95-C66B-4214-9EC5-79775A687608}"
EndProject
Project("{FAE04EC0-301F-11D3-BF4B-00C04F79EFBC}") = "Checkpoint.Data", "Checkpoint.Data\Checkpoint.Data.csproj", "{00C9530D-3B17-4883-8EEE-1C202D58C2EF}"
EndProject
Global
	GlobalSection(SolutionConfigurationPlatforms) = preSolution
		Debug|Any CPU = Debug|Any CPU
		Release|Any CPU = Release|Any CPU
	EndGlobalSection
	GlobalSection(SolutionProperties) = preSolution
		HideSolutionNode = FALSE
	EndGlobalSection
	GlobalSection(ProjectConfigurationPlatforms) = postSolution
		{D33348C8-5274-4B31-892C-C76E9A63D9B5}.Debug|Any CPU.ActiveCfg = Debug|Any CPU
		{D33348C8-5274-4B31-892C-C76E9A63D9B5}.Debug|Any CPU.Build.0 = Debug|Any CPU
		{D33348C8-5274-4B31-892C-C76E9A63D9B5}.Release|Any CPU.ActiveCfg = Release|Any CPU
		{D33348C8-5274-4B31-892C-C76E9A63D9B5}.Release|Any CPU.Build.0 = Release|Any CPU
		{CF3C5F95-C66B-4214-9EC5-79775A687608}.Debug|Any CPU.ActiveCfg = Debug|Any CPU
		{CF3C5F95-C66B-4214-9EC5-79775A687608}.Debug|Any CPU.Build.0 = Debug|Any CPU
		{CF3C5F95-C66B-4214-9EC5-79775A687608}.Release|Any CPU.ActiveCfg = Release|Any CPU
		{CF3C5F95-C66B-4214-9EC5-79775A687608}.Release|Any CPU.Build.0 = Release|Any CPU
		{00C9530D-3B17-4883-8EEE-1C202D58C2EF}.Debug|Any CPU.ActiveCfg = Debug|Any CPU
		{00C9530D-3B17-4883-8EEE-1C202D58C2EF}.Debug|Any CPU.Build.0 = Debug|Any CPU
		{00C9530D-3B17-4883-8EEE-1C202D58C2EF}.Release|Any CPU.ActiveCfg = Release|Any CPU
		{00C9530D-3B17-4883-8EEE-1C202D58C2EF}.Release|Any CPU.Build.0 = Release|Any CPU
	EndGlobalSection
EndGlobal
